
Microsoft Visual Studio Solution File, Format Version 12.00
# Visual Studio 15
Project("{FAE04EC0-301F-11D3-BF4B-00C04F79EFBC}") = "Assembly-CSharp", "Assembly-CSharp.csproj", "{1FC50C84-57AD-49AB-DA85-D6F71B177CA4}"
EndProject
Project("{FAE04EC0-301F-11D3-BF4B-00C04F79EFBC}") = "Assembly-CSharp-firstpass", "Assembly-CSharp-firstpass.csproj", "{0F657EF5-9230-336A-AFF6-080603A136C8}"
EndProject
Project("{FAE04EC0-301F-11D3-BF4B-00C04F79EFBC}") = "Assembly-CSharp-Editor", "Assembly-CSharp-Editor.csproj", "{769E8898-ECF8-04D8-8D7E-673E728FFA14}"
EndProject
Global
	GlobalSection(SolutionConfigurationPlatforms) = preSolution
		Debug|Any CPU = Debug|Any CPU
		Release|Any CPU = Release|Any CPU
	EndGlobalSection
	GlobalSection(ProjectConfigurationPlatforms) = postSolution
		{1FC50C84-57AD-49AB-DA85-D6F71B177CA4}.Debug|Any CPU.ActiveCfg = Debug|Any CPU
		{1FC50C84-57AD-49AB-DA85-D6F71B177CA4}.Debug|Any CPU.Build.0 = Debug|Any CPU
		{1FC50C84-57AD-49AB-DA85-D6F71B177CA4}.Release|Any CPU.ActiveCfg = Release|Any CPU
		{1FC50C84-57AD-49AB-DA85-D6F71B177CA4}.Release|Any CPU.Build.0 = Release|Any CPU
		{0F657EF5-9230-336A-AFF6-080603A136C8}.Debug|Any CPU.ActiveCfg = Debug|Any CPU
		{0F657EF5-9230-336A-AFF6-080603A136C8}.Debug|Any CPU.Build.0 = Debug|Any CPU
		{0F657EF5-9230-336A-AFF6-080603A136C8}.Release|Any CPU.ActiveCfg = Release|Any CPU
		{0F657EF5-9230-336A-AFF6-080603A136C8}.Release|Any CPU.Build.0 = Release|Any CPU
		{769E8898-ECF8-04D8-8D7E-673E728FFA14}.Debug|Any CPU.ActiveCfg = Debug|Any CPU
		{769E8898-ECF8-04D8-8D7E-673E728FFA14}.Debug|Any CPU.Build.0 = Debug|Any CPU
		{769E8898-ECF8-04D8-8D7E-673E728FFA14}.Release|Any CPU.ActiveCfg = Release|Any CPU
		{769E8898-ECF8-04D8-8D7E-673E728FFA14}.Release|Any CPU.Build.0 = Release|Any CPU
	EndGlobalSection
	GlobalSection(SolutionProperties) = preSolution
		HideSolutionNode = FALSE
	EndGlobalSection
EndGlobal
